<?xml version="1.0" encoding="utf-8"?>
<Project ToolsVersion="4.0" xmlns="http://schemas.microsoft.com/developer/msbuild/2003">
  <ItemGroup>
    <ClInclude Include="mask\face-mask.hpp" />
    <ClInclude Include="mask\mask-transformation\mask-interpolator.hpp" />
    <ClInclude Include="mask\mask-transformation\mask-normalizer.hpp" />
    <ClInclude Include="mask\mask-transformation\mask-scaler.hpp" />
    <ClInclude Include="mask\mask-transformation\mask-transitioner.hpp" />
    <ClInclude Include="math\angle.hpp" />
    <ClInclude Include="math\offset.hpp" />
    <ClInclude Include="math\point.hpp" />
    <ClInclude Include="math\rect.hpp" />
    <ClInclude Include="math\size.hpp" />
    <ClInclude Include="math\vector.hpp" />
    <ClInclude Include="feature-extraction\face-color-detector.hpp" />
    <ClInclude Include="feature-extraction\feature-extractor.hpp" />
    <ClInclude Include="feature-extraction\histogram.hpp" />
    <ClInclude Include="feature-extraction\hsv-image.hpp" />
    <ClInclude Include="learning\average-mask-processing.hpp" />
    <ClInclude Include="preprocessing\face-finder.hpp" />
    <ClInclude Include="preprocessing\mask-frame.hpp" />
    <ClInclude Include="feature-extraction\filter.hpp" />
    <ClInclude Include="feature-extraction\basic-filters.hpp" />
    <ClInclude Include="learning\decision.hpp" />
    <ClInclude Include="mask\mask-transformation\mask-averager.hpp" />
    <ClInclude Include="learning\autoencoder-processing.hpp" />
    <ClInclude Include="learning\regressor-processing.hpp" />
    <ClInclude Include="regression\regressors\nn-regressor.hpp" />
    <ClInclude Include="regression\regressors\tree-regressor.hpp" />
    <ClInclude Include="regression\mask-regressor.hpp" />
    <ClInclude Include="regression\mask-autoencoder.hpp" />
    <ClInclude Include="io\autoencoder-example-io.hpp" />
    <ClInclude Include="io\features-io.hpp" />
    <ClInclude Include="io\mask-io.hpp" />
    <ClInclude Include="io\nn-oi.hpp" />
    <ClInclude Include="io\tree-io.hpp" />
    <ClInclude Include="data\dataset.hpp" />
    <ClInclude Include="data\learning-example.hpp" />
    <ClInclude Include="feature-extraction\image-color-test.hpp" />
    <ClInclude Include="data\mask-file.hpp" />
    <ClInclude Include="io\image-io.hpp" />
    <ClInclude Include="data\dataset-mirroring-iterator.hpp" />
    <ClInclude Include="regression\regressors\tree-mask-regressor.hpp" />
    <ClInclude Include="feature-extraction\image-preprocessor.hpp" />
    <ClInclude Include="face-landmarker.hpp" />
    <ClInclude Include="app\examples.hpp" />
    <ClInclude Include="app\video.hpp" />
    <ClInclude Include="app\ui\face-ui.hpp" />
    <ClInclude Include="app\ui\mask-ui.hpp" />
    <ClInclude Include="app\features.hpp" />
    <ClInclude Include="io\annotation-io.hpp" />
    <ClInclude Include="app\ui\video-capture.hpp" />
  </ItemGroup>
  <ItemGroup>
    <ClCompile Include="main.cpp" />
  </ItemGroup>
</Project>