<?xml version="1.0" encoding="utf-8"?>
<Project ToolsVersion="4.0" xmlns="http://schemas.microsoft.com/developer/msbuild/2003">
  <ItemGroup>
    <ClCompile Include="mask-transformation\mask-avg.hpp" />
    <ClCompile Include="test\_.cpp" />
  </ItemGroup>
  <ItemGroup>
    <ClInclude Include="face-mask.hpp" />
    <ClInclude Include="math\point.hpp" />
    <ClInclude Include="math\size.hpp" />
    <ClInclude Include="mask-transformation\mask-normalizer.hpp" />
    <ClInclude Include="mask-transformation\mask-interpolation.hpp" />
  </ItemGroup>
</Project>