<?xml version="1.0" encoding="utf-8"?>
<Project ToolsVersion="4.0" xmlns="http://schemas.microsoft.com/developer/msbuild/2003">
  <ItemGroup>
    <Filter Include="Tests">
      <UniqueIdentifier>{9be63b85-4b70-473e-858d-0678432e667f}</UniqueIdentifier>
    </Filter>
  </ItemGroup>
  <ItemGroup>
    <ClCompile Include="test\_.cpp" />
  </ItemGroup>
  <ItemGroup>
    <ClInclude Include="filters\basic-filter.hpp" />
    <ClInclude Include="test\FilterApplier.hpp" />
    <ClInclude Include="feature-extractor.hpp" />
    <ClInclude Include="image-feature-extractor.hpp" />
    <ClInclude Include="mask-feature-extractor.hpp" />
    <ClInclude Include="decision.hpp" />
  </ItemGroup>
</Project>